
Microsoft Visual Studio Solution File, Format Version 12.00
# Visual Studio Version 16
VisualStudioVersion = 16.0.29519.181
MinimumVisualStudioVersion = 10.0.40219.1
Project("{FAE04EC0-301F-11D3-BF4B-00C04F79EFBC}") = "BaphoDashBoard", "BaphoDashBoard\BaphoDashBoard.csproj", "{BB90F78B-E353-42F8-A901-7AA0595F1D76}"
EndProject
Global
	GlobalSection(SolutionConfigurationPlatforms) = preSolution
		Debug|Any CPU = Debug|Any CPU
		Release|Any CPU = Release|Any CPU
	EndGlobalSection
	GlobalSection(ProjectConfigurationPlatforms) = postSolution
		{BB90F78B-E353-42F8-A901-7AA0595F1D76}.Debug|Any CPU.ActiveCfg = Debug|Any CPU
		{BB90F78B-E353-42F8-A901-7AA0595F1D76}.Debug|Any CPU.Build.0 = Debug|Any CPU
		{BB90F78B-E353-42F8-A901-7AA0595F1D76}.Release|Any CPU.ActiveCfg = Release|Any CPU
		{BB90F78B-E353-42F8-A901-7AA0595F1D76}.Release|Any CPU.Build.0 = Release|Any CPU
	EndGlobalSection
	GlobalSection(SolutionProperties) = preSolution
		HideSolutionNode = FALSE
	EndGlobalSection
	GlobalSection(ExtensibilityGlobals) = postSolution
		SolutionGuid = {1416A85F-B260-4769-BB36-6CFD85C7AD90}
	EndGlobalSection
EndGlobal
